// !$*UTF8*$!
{
	archiveVersion = 1;
	classes = {
	};
	objectVersion = 46;
	objects = {

/* Begin PBXBuildFile section */
		FB0C95D71BBC4A940021ADFF /* AppDelegate.swift in Sources */ = {isa = PBXBuildFile; fileRef = FB0C95D61BBC4A940021ADFF /* AppDelegate.swift */; };
		FB0C95D91BBC4A940021ADFF /* ViewController.swift in Sources */ = {isa = PBXBuildFile; fileRef = FB0C95D81BBC4A940021ADFF /* ViewController.swift */; };
		FB0C95DC1BBC4A940021ADFF /* Main.storyboard in Resources */ = {isa = PBXBuildFile; fileRef = FB0C95DA1BBC4A940021ADFF /* Main.storyboard */; };
		FB0C95DE1BBC4A940021ADFF /* Assets.xcassets in Resources */ = {isa = PBXBuildFile; fileRef = FB0C95DD1BBC4A940021ADFF /* Assets.xcassets */; };
		FB0C95E11BBC4A940021ADFF /* LaunchScreen.storyboard in Resources */ = {isa = PBXBuildFile; fileRef = FB0C95DF1BBC4A940021ADFF /* LaunchScreen.storyboard */; };
/* End PBXBuildFile section */

/* Begin PBXFileReference section */
		FB0C95D31BBC4A940021ADFF /* picture-poster.app */ = {isa = PBXFileReference; explicitFileType = wrapper.application; includeInIndex = 0; path = "picture-poster.app"; sourceTree = BUILT_PRODUCTS_DIR; };
		FB0C95D61BBC4A940021ADFF /* AppDelegate.swift */ = {isa = PBXFileReference; lastKnownFileType = sourcecode.swift; path = AppDelegate.swift; sourceTree = "<group>"; };
		FB0C95D81BBC4A940021ADFF /* ViewController.swift */ = {isa = PBXFileReference; lastKnownFileType = sourcecode.swift; path = ViewController.swift; sourceTree = "<group>"; };
		FB0C95DB1BBC4A940021ADFF /* Base */ = {isa = PBXFileReference; lastKnownFileType = file.storyboard; name = Base; path = Base.lproj/Main.storyboard; sourceTree = "<group>"; };
		FB0C95DD1BBC4A940021ADFF /* Assets.xcassets */ = {isa = PBXFileReference; lastKnownFileType = folder.assetcatalog; path = Assets.xcassets; sourceTree = "<group>"; };
		FB0C95E01BBC4A940021ADFF /* Base */ = {isa = PBXFileReference; lastKnownFileType = file.storyboard; name = Base; path = Base.lproj/LaunchScreen.storyboard; sourceTree = "<group>"; };
		FB0C95E21BBC4A940021ADFF /* Info.plist */ = {isa = PBXFileReference; lastKnownFileType = text.plist.xml; path = Info.plist; sourceTree = "<group>"; };
/* End PBXFileReference section */

/* Begin PBXFrameworksBuildPhase section */
		FB0C95D01BBC4A940021ADFF /* Frameworks */ = {
			isa = PBXFrameworksBuildPhase;
			buildActionMask = 2147483647;
			files = (
			);
			runOnlyForDeploymentPostprocessing = 0;
		};
/* End PBXFrameworksBuildPhase section */

/* Begin PBXGroup section */
		FB0C95CA1BBC4A940021ADFF = {
			isa = PBXGroup;
			children = (
				FB0C95D51BBC4A940021ADFF /* picture-poster */,
				FB0C95D41BBC4A940021ADFF /* Products */,
			);
			sourceTree = "<group>";
		};
		FB0C95D41BBC4A940021ADFF /* Products */ = {
			isa = PBXGroup;
			children = (
				FB0C95D31BBC4A940021ADFF /* picture-poster.app */,
			);
			name = Products;
			sourceTree = "<group>";
		};
		FB0C95D51BBC4A940021ADFF /* picture-poster */ = {
			isa = PBXGroup;
			children = (
				FB0C95D61BBC4A940021ADFF /* AppDelegate.swift */,
				FB0C95D81BBC4A940021ADFF /* ViewController.swift */,
				FB0C95DA1BBC4A940021ADFF /* Main.storyboard */,
				FB0C95DD1BBC4A940021ADFF /* Assets.xcassets */,
				FB0C95DF1BBC4A940021ADFF /* LaunchScreen.storyboard */,
				FB0C95E21BBC4A940021ADFF /* Info.plist */,
			);
			path = "picture-poster";
			sourceTree = "<group>";
		};
/* End PBXGroup section */

/* Begin PBXNativeTarget section */
		FB0C95D21BBC4A940021ADFF /* picture-poster */ = {
			isa = PBXNativeTarget;
			buildConfigurationList = FB0C95E51BBC4A940021ADFF /* Build configuration list for PBXNativeTarget "picture-poster" */;
			buildPhases = (
				FB0C95CF1BBC4A940021ADFF /* Sources */,
				FB0C95D01BBC4A940021ADFF /* Frameworks */,
				FB0C95D11BBC4A940021ADFF /* Resources */,
			);
			buildRules = (
			);
			dependencies = (
			);
			name = "picture-poster";
			productName = "picture-poster";
			productReference = FB0C95D31BBC4A940021ADFF /* picture-poster.app */;
			productType = "com.apple.product-type.application";
		};
/* End PBXNativeTarget section */

/* Begin PBXProject section */
		FB0C95CB1BBC4A940021ADFF /* Project object */ = {
			isa = PBXProject;
			attributes = {
				LastUpgradeCheck = 0700;
				ORGANIZATIONNAME = "Jonathan Wood";
				TargetAttributes = {
					FB0C95D21BBC4A940021ADFF = {
						CreatedOnToolsVersion = 7.0;
					};
				};
			};
			buildConfigurationList = FB0C95CE1BBC4A940021ADFF /* Build configuration list for PBXProject "picture-poster" */;
			compatibilityVersion = "Xcode 3.2";
			developmentRegion = English;
			hasScannedForEncodings = 0;
			knownRegions = (
				en,
				Base,
			);
			mainGroup = FB0C95CA1BBC4A940021ADFF;
			productRefGroup = FB0C95D41BBC4A940021ADFF /* Products */;
			projectDirPath = "";
			projectRoot = "";
			targets = (
				FB0C95D21BBC4A940021ADFF /* picture-poster */,
			);
		};
/* End PBXProject section */

/* Begin PBXResourcesBuildPhase section */
		FB0C95D11BBC4A940021ADFF /* Resources */ = {
			isa = PBXResourcesBuildPhase;
			buildActionMask = 2147483647;
			files = (
				FB0C95E11BBC4A940021ADFF /* LaunchScreen.storyboard in Resources */,
				FB0C95DE1BBC4A940021ADFF /* Assets.xcassets in Resources */,
				FB0C95DC1BBC4A940021ADFF /* Main.storyboard in Resources */,
			);
			runOnlyForDeploymentPostprocessing = 0;
		};
/* End PBXResourcesBuildPhase section */

/* Begin PBXSourcesBuildPhase section */
		FB0C95CF1BBC4A940021ADFF /* Sources */ = {
			isa = PBXSourcesBuildPhase;
			buildActionMask = 2147483647;
			files = (
				FB0C95D91BBC4A940021ADFF /* ViewController.swift in Sources */,
				FB0C95D71BBC4A940021ADFF /* AppDelegate.swift in Sources */,
			);
			runOnlyForDeploymentPostprocessing = 0;
		};
/* End PBXSourcesBuildPhase section */

/* Begin PBXVariantGroup section */
		FB0C95DA1BBC4A940021ADFF /* Main.storyboard */ = {
			isa = PBXVariantGroup;
			children = (
				FB0C95DB1BBC4A940021ADFF /* Base */,
			);
			name = Main.storyboard;
			sourceTree = "<group>";
		};
		FB0C95DF1BBC4A940021ADFF /* LaunchScreen.storyboard */ = {
			isa = PBXVariantGroup;
			children = (
				FB0C95E01BBC4A940021ADFF /* Base */,
			);
			name = LaunchScreen.storyboard;
			sourceTree = "<group>";
		};
/* End PBXVariantGroup section */

/* Begin XCBuildConfiguration section */
		FB0C95E31BBC4A940021ADFF /* Debug */ = {
			isa = XCBuildConfiguration;
			buildSettings = {
				ALWAYS_SEARCH_USER_PATHS = NO;
				CLANG_CXX_LANGUAGE_STANDARD = "gnu++0x";
				CLANG_CXX_LIBRARY = "libc++";
				CLANG_ENABLE_MODULES = YES;
				CLANG_ENABLE_OBJC_ARC = YES;
				CLANG_WARN_BOOL_CONVERSION = YES;
				CLANG_WARN_CONSTANT_CONVERSION = YES;
				CLANG_WARN_DIRECT_OBJC_ISA_USAGE = YES_ERROR;
				CLANG_WARN_EMPTY_BODY = YES;
				CLANG_WARN_ENUM_CONVERSION = YES;
				CLANG_WARN_INT_CONVERSION = YES;
				CLANG_WARN_OBJC_ROOT_CLASS = YES_ERROR;
				CLANG_WARN_UNREACHABLE_CODE = YES;
				CLANG_WARN__DUPLICATE_METHOD_MATCH = YES;
				"CODE_SIGN_IDENTITY[sdk=iphoneos*]" = "iPhone Developer";
				COPY_PHASE_STRIP = NO;
				DEBUG_INFORMATION_FORMAT = dwarf;
				ENABLE_STRICT_OBJC_MSGSEND = YES;
				ENABLE_TESTABILITY = YES;
				GCC_C_LANGUAGE_STANDARD = gnu99;
				GCC_DYNAMIC_NO_PIC = NO;
				GCC_NO_COMMON_BLOCKS = YES;
				GCC_OPTIMIZATION_LEVEL = 0;
				GCC_PREPROCESSOR_DEFINITIONS = (
					"DEBUG=1",
					"$(inherited)",
				);
				GCC_WARN_64_TO_32_BIT_CONVERSION = YES;
				GCC_WARN_ABOUT_RETURN_TYPE = YES_ERROR;
				GCC_WARN_UNDECLARED_SELECTOR = YES;
				GCC_WARN_UNINITIALIZED_AUTOS = YES_AGGRESSIVE;
				GCC_WARN_UNUSED_FUNCTION = YES;
				GCC_WARN_UNUSED_VARIABLE = YES;
				IPHONEOS_DEPLOYMENT_TARGET = 9.0;
				MTL_ENABLE_DEBUG_INFO = YES;
				ONLY_ACTIVE_ARCH = YES;
				SDKROOT = iphoneos;
				SWIFT_OPTIMIZATION_LEVEL = "-Onone";
				TARGETED_DEVICE_FAMILY = "1,2";
			};
			name = Debug;
		};
		FB0C95E41BBC4A940021ADFF /* Release */ = {
			isa = XCBuildConfiguration;
			buildSettings = {
				ALWAYS_SEARCH_USER_PATHS = NO;
				CLANG_CXX_LANGUAGE_STANDARD = "gnu++0x";
				CLANG_CXX_LIBRARY = "libc++";
				CLANG_ENABLE_MODULES = YES;
				CLANG_ENABLE_OBJC_ARC = YES;
				CLANG_WARN_BOOL_CONVERSION = YES;
				CLANG_WARN_CONSTANT_CONVERSION = YES;
				CLANG_WARN_DIRECT_OBJC_ISA_USAGE = YES_ERROR;
				CLANG_WARN_EMPTY_BODY = YES;
				CLANG_WARN_ENUM_CONVERSION = YES;
				CLANG_WARN_INT_CONVERSION = YES;
				CLANG_WARN_OBJC_ROOT_CLASS = YES_ERROR;
				CLANG_WARN_UNREACHABLE_CODE = YES;
				CLANG_WARN__DUPLICATE_METHOD_MATCH = YES;
				"CODE_SIGN_IDENTITY[sdk=iphoneos*]" = "iPhone Developer";
				COPY_PHASE_STRIP = NO;
				DEBUG_INFORMATION_FORMAT = "dwarf-with-dsym";
				ENABLE_NS_ASSERTIONS = NO;
				ENABLE_STRICT_OBJC_MSGSEND = YES;
				GCC_C_LANGUAGE_STANDARD = gnu99;
				GCC_NO_COMMON_BLOCKS = YES;
				GCC_WARN_64_TO_32_BIT_CONVERSION = YES;
				GCC_WARN_ABOUT_RETURN_TYPE = YES_ERROR;
				GCC_WARN_UNDECLARED_SELECTOR = YES;
				GCC_WARN_UNINITIALIZED_AUTOS = YES_AGGRESSIVE;
				GCC_WARN_UNUSED_FUNCTION = YES;
				GCC_WARN_UNUSED_VARIABLE = YES;
				IPHONEOS_DEPLOYMENT_TARGET = 9.0;
				MTL_ENABLE_DEBUG_INFO = NO;
				SDKROOT = iphoneos;
				TARGETED_DEVICE_FAMILY = "1,2";
				VALIDATE_PRODUCT = YES;
			};
			name = Release;
		};
		FB0C95E61BBC4A940021ADFF /* Debug */ = {
			isa = XCBuildConfiguration;
			buildSettings = {
				ASSETCATALOG_COMPILER_APPICON_NAME = AppIcon;
				INFOPLIST_FILE = "picture-poster/Info.plist";
				LD_RUNPATH_SEARCH_PATHS = "$(inherited) @executable_path/Frameworks";
				PRODUCT_BUNDLE_IDENTIFIER = "com.jonathan.picture-poster";
				PRODUCT_NAME = "$(TARGET_NAME)";
			};
			name = Debug;
		};
		FB0C95E71BBC4A940021ADFF /* Release */ = {
			isa = XCBuildConfiguration;
			buildSettings = {
				ASSETCATALOG_COMPILER_APPICON_NAME = AppIcon;
				INFOPLIST_FILE = "picture-poster/Info.plist";
				LD_RUNPATH_SEARCH_PATHS = "$(inherited) @executable_path/Frameworks";
				PRODUCT_BUNDLE_IDENTIFIER = "com.jonathan.picture-poster";
				PRODUCT_NAME = "$(TARGET_NAME)";
			};
			name = Release;
		};
/* End XCBuildConfiguration section */

/* Begin XCConfigurationList section */
		FB0C95CE1BBC4A940021ADFF /* Build configuration list for PBXProject "picture-poster" */ = {
			isa = XCConfigurationList;
			buildConfigurations = (
				FB0C95E31BBC4A940021ADFF /* Debug */,
				FB0C95E41BBC4A940021ADFF /* Release */,
			);
			defaultConfigurationIsVisible = 0;
			defaultConfigurationName = Release;
		};
		FB0C95E51BBC4A940021ADFF /* Build configuration list for PBXNativeTarget "picture-poster" */ = {
			isa = XCConfigurationList;
			buildConfigurations = (
				FB0C95E61BBC4A940021ADFF /* Debug */,
				FB0C95E71BBC4A940021ADFF /* Release */,
			);
			defaultConfigurationIsVisible = 0;
		};
/* End XCConfigurationList section */
	};
	rootObject = FB0C95CB1BBC4A940021ADFF /* Project object */;
}
